
Microsoft Visual Studio Solution File, Format Version 12.00
# Visual Studio Version 16
VisualStudioVersion = 16.0.31229.75
MinimumVisualStudioVersion = 10.0.40219.1
Project("{9A19103F-16F7-4668-BE54-9A1E7A4F7556}") = "IdProvider", "IdProvider.csproj", "{9F5BBD76-6DD2-45C3-BE7D-AC91A0827EE7}"
EndProject
Project("{E53339B2-1760-4266-BCC7-CA923CBCF16C}") = "docker-compose", "docker-compose.dcproj", "{16C47763-2E9B-4D08-A2F6-FE6A69211A13}"
EndProject
Global
	GlobalSection(SolutionConfigurationPlatforms) = preSolution
		Debug|Any CPU = Debug|Any CPU
		Release|Any CPU = Release|Any CPU
	EndGlobalSection
	GlobalSection(ProjectConfigurationPlatforms) = postSolution
		{9F5BBD76-6DD2-45C3-BE7D-AC91A0827EE7}.Debug|Any CPU.ActiveCfg = Debug|Any CPU
		{9F5BBD76-6DD2-45C3-BE7D-AC91A0827EE7}.Debug|Any CPU.Build.0 = Debug|Any CPU
		{9F5BBD76-6DD2-45C3-BE7D-AC91A0827EE7}.Release|Any CPU.ActiveCfg = Release|Any CPU
		{9F5BBD76-6DD2-45C3-BE7D-AC91A0827EE7}.Release|Any CPU.Build.0 = Release|Any CPU
		{16C47763-2E9B-4D08-A2F6-FE6A69211A13}.Debug|Any CPU.ActiveCfg = Debug|Any CPU
		{16C47763-2E9B-4D08-A2F6-FE6A69211A13}.Debug|Any CPU.Build.0 = Debug|Any CPU
		{16C47763-2E9B-4D08-A2F6-FE6A69211A13}.Release|Any CPU.ActiveCfg = Release|Any CPU
		{16C47763-2E9B-4D08-A2F6-FE6A69211A13}.Release|Any CPU.Build.0 = Release|Any CPU
	EndGlobalSection
	GlobalSection(SolutionProperties) = preSolution
		HideSolutionNode = FALSE
	EndGlobalSection
	GlobalSection(ExtensibilityGlobals) = postSolution
		SolutionGuid = {5EE0DE16-FC02-4524-8FBA-54A9AF9BE9A8}
	EndGlobalSection
EndGlobal
